
Microsoft Visual Studio Solution File, Format Version 12.00
# Visual Studio Version 17
VisualStudioVersion = 17.0.31903.59
MinimumVisualStudioVersion = 10.0.40219.1
Project("{FAE04EC0-301F-11D3-BF4B-00C04F79EFBC}") = "Api", "Api\Api.csproj", "{91F2F622-75E4-4F23-A118-29CAFFF2D58E}"
EndProject
Project("{FAE04EC0-301F-11D3-BF4B-00C04F79EFBC}") = "Application", "Application\Application.csproj", "{FF8FDC8A-0602-43AB-AE3F-7D156CEE3622}"
EndProject
Project("{FAE04EC0-301F-11D3-BF4B-00C04F79EFBC}") = "Domain", "Domain\Domain.csproj", "{BF5958E5-EEBE-477F-A189-5AA449CE4DC0}"
EndProject
Project("{FAE04EC0-301F-11D3-BF4B-00C04F79EFBC}") = "Infrastructure", "Infrastructure\Infrastructure.csproj", "{4AF091C3-7640-43D1-BFA9-3E9ABFDE0C89}"
EndProject
Project("{FAE04EC0-301F-11D3-BF4B-00C04F79EFBC}") = "Persistence", "Persistence\Persistence.csproj", "{505A2583-A063-400F-B7C9-2DC48E14E219}"
EndProject
Global
	GlobalSection(SolutionConfigurationPlatforms) = preSolution
		Debug|Any CPU = Debug|Any CPU
		Release|Any CPU = Release|Any CPU
	EndGlobalSection
	GlobalSection(SolutionProperties) = preSolution
		HideSolutionNode = FALSE
	EndGlobalSection
	GlobalSection(ProjectConfigurationPlatforms) = postSolution
		{91F2F622-75E4-4F23-A118-29CAFFF2D58E}.Debug|Any CPU.ActiveCfg = Debug|Any CPU
		{91F2F622-75E4-4F23-A118-29CAFFF2D58E}.Debug|Any CPU.Build.0 = Debug|Any CPU
		{91F2F622-75E4-4F23-A118-29CAFFF2D58E}.Release|Any CPU.ActiveCfg = Release|Any CPU
		{91F2F622-75E4-4F23-A118-29CAFFF2D58E}.Release|Any CPU.Build.0 = Release|Any CPU
		{FF8FDC8A-0602-43AB-AE3F-7D156CEE3622}.Debug|Any CPU.ActiveCfg = Debug|Any CPU
		{FF8FDC8A-0602-43AB-AE3F-7D156CEE3622}.Debug|Any CPU.Build.0 = Debug|Any CPU
		{FF8FDC8A-0602-43AB-AE3F-7D156CEE3622}.Release|Any CPU.ActiveCfg = Release|Any CPU
		{FF8FDC8A-0602-43AB-AE3F-7D156CEE3622}.Release|Any CPU.Build.0 = Release|Any CPU
		{BF5958E5-EEBE-477F-A189-5AA449CE4DC0}.Debug|Any CPU.ActiveCfg = Debug|Any CPU
		{BF5958E5-EEBE-477F-A189-5AA449CE4DC0}.Debug|Any CPU.Build.0 = Debug|Any CPU
		{BF5958E5-EEBE-477F-A189-5AA449CE4DC0}.Release|Any CPU.ActiveCfg = Release|Any CPU
		{BF5958E5-EEBE-477F-A189-5AA449CE4DC0}.Release|Any CPU.Build.0 = Release|Any CPU
		{4AF091C3-7640-43D1-BFA9-3E9ABFDE0C89}.Debug|Any CPU.ActiveCfg = Debug|Any CPU
		{4AF091C3-7640-43D1-BFA9-3E9ABFDE0C89}.Debug|Any CPU.Build.0 = Debug|Any CPU
		{4AF091C3-7640-43D1-BFA9-3E9ABFDE0C89}.Release|Any CPU.ActiveCfg = Release|Any CPU
		{4AF091C3-7640-43D1-BFA9-3E9ABFDE0C89}.Release|Any CPU.Build.0 = Release|Any CPU
		{505A2583-A063-400F-B7C9-2DC48E14E219}.Debug|Any CPU.ActiveCfg = Debug|Any CPU
		{505A2583-A063-400F-B7C9-2DC48E14E219}.Debug|Any CPU.Build.0 = Debug|Any CPU
		{505A2583-A063-400F-B7C9-2DC48E14E219}.Release|Any CPU.ActiveCfg = Release|Any CPU
		{505A2583-A063-400F-B7C9-2DC48E14E219}.Release|Any CPU.Build.0 = Release|Any CPU
	EndGlobalSection
EndGlobal
